
Microsoft Visual Studio Solution File, Format Version 12.00
# Visual Studio Version 17
VisualStudioVersion = 17.5.33414.496
MinimumVisualStudioVersion = 10.0.40219.1
Project("{FAE04EC0-301F-11D3-BF4B-00C04F79EFBC}") = "BigSchool1", "BigSchool1\BigSchool1.csproj", "{1E8FC41D-7ACF-425D-94BB-26A338AAD9EC}"
EndProject
Global
	GlobalSection(SolutionConfigurationPlatforms) = preSolution
		Debug|Any CPU = Debug|Any CPU
		Release|Any CPU = Release|Any CPU
	EndGlobalSection
	GlobalSection(ProjectConfigurationPlatforms) = postSolution
		{1E8FC41D-7ACF-425D-94BB-26A338AAD9EC}.Debug|Any CPU.ActiveCfg = Debug|Any CPU
		{1E8FC41D-7ACF-425D-94BB-26A338AAD9EC}.Debug|Any CPU.Build.0 = Debug|Any CPU
		{1E8FC41D-7ACF-425D-94BB-26A338AAD9EC}.Release|Any CPU.ActiveCfg = Release|Any CPU
		{1E8FC41D-7ACF-425D-94BB-26A338AAD9EC}.Release|Any CPU.Build.0 = Release|Any CPU
	EndGlobalSection
	GlobalSection(SolutionProperties) = preSolution
		HideSolutionNode = FALSE
	EndGlobalSection
	GlobalSection(ExtensibilityGlobals) = postSolution
		SolutionGuid = {321BCEB1-2668-4491-B1FD-1C28B239E532}
	EndGlobalSection
EndGlobal
